# This file is generated by running "yarn install" inside your project.
# Manual changes might be lost - proceed with caution!

__metadata:
  version: 8
  cacheKey: 10c0

"@abp/aspnetcore.mvc.ui.theme.leptonxlite@npm:~4.3.2":
  version: 4.3.2
  resolution: "@abp/aspnetcore.mvc.ui.theme.leptonxlite@npm:4.3.2"
  dependencies:
    "@abp/aspnetcore.mvc.ui.theme.shared": "npm:~9.3.2"
  checksum: 10c0/ad98b940c16e10f3a2b362150702198c881900743bcff417f38abf6ab10dd280dd0099d2e58ab6ade7d9a01812ac6afa39f44651d1e97e90d1455b17403203b9
  languageName: node
  linkType: hard

"@abp/aspnetcore.mvc.ui.theme.shared@npm:~9.3.2":
  version: 9.3.2
  resolution: "@abp/aspnetcore.mvc.ui.theme.shared@npm:9.3.2"
  dependencies:
    "@abp/aspnetcore.mvc.ui": "npm:~9.3.2"
    "@abp/bootstrap": "npm:~9.3.2"
    "@abp/bootstrap-datepicker": "npm:~9.3.2"
    "@abp/bootstrap-daterangepicker": "npm:~9.3.2"
    "@abp/datatables.net-bs5": "npm:~9.3.2"
    "@abp/font-awesome": "npm:~9.3.2"
    "@abp/jquery-form": "npm:~9.3.2"
    "@abp/jquery-validation-unobtrusive": "npm:~9.3.2"
    "@abp/lodash": "npm:~9.3.2"
    "@abp/luxon": "npm:~9.3.2"
    "@abp/malihu-custom-scrollbar-plugin": "npm:~9.3.2"
    "@abp/moment": "npm:~9.3.2"
    "@abp/select2": "npm:~9.3.2"
    "@abp/sweetalert2": "npm:~9.3.2"
    "@abp/timeago": "npm:~9.3.2"
  checksum: 10c0/02cbcdf7062981398634648acdf54ea9beda40b8e47b26e435fb6ecd7b1148a7d2a4e81ca1430f8ce49563515ef1cd23df0a4bdd2a2f2795e50fafb30d384e1c
  languageName: node
  linkType: hard

"@abp/aspnetcore.mvc.ui@npm:~9.3.2":
  version: 9.3.2
  resolution: "@abp/aspnetcore.mvc.ui@npm:9.3.2"
  dependencies:
    ansi-colors: "npm:^4.1.3"
  checksum: 10c0/48ae69e7344657fd53d3d416fc692b969420c79e78448e63f9c6cbf8e01209d316f05820e48795ca3203a08de45531d3e45a955a74ef3e1d37a853c343463476
  languageName: node
  linkType: hard

"@abp/bootstrap-datepicker@npm:~9.3.2":
  version: 9.3.2
  resolution: "@abp/bootstrap-datepicker@npm:9.3.2"
  dependencies:
    bootstrap-datepicker: "npm:^1.10.0"
  checksum: 10c0/5e3a4aee27d29108a1f4552dbf95c8de350e289e88f0c8452078991b8a74285750191d828ba201aecd8294531a9a03d842e91ccdbdad43723daa10abf2f40a04
  languageName: node
  linkType: hard

"@abp/bootstrap-daterangepicker@npm:~9.3.2":
  version: 9.3.2
  resolution: "@abp/bootstrap-daterangepicker@npm:9.3.2"
  dependencies:
    bootstrap-daterangepicker: "npm:^3.1.0"
  checksum: 10c0/497c9fb23cead105e085eb8285fdb0169f67cea46d4b6ca665346660c339fe83ef8151a970dfc081bbb311ee60e573052fe708923560fa993d77225f87dbeccd
  languageName: node
  linkType: hard

"@abp/bootstrap@npm:~9.3.2":
  version: 9.3.2
  resolution: "@abp/bootstrap@npm:9.3.2"
  dependencies:
    "@abp/core": "npm:~9.3.2"
    bootstrap: "npm:^5.3.3"
  checksum: 10c0/240154113ba8e43aed8987244344752f431da32afa92fdf072c738cee33b55744c75035b9426494fe10544771f242174fc7337228c44e8bdd731a23ebb492b3a
  languageName: node
  linkType: hard

"@abp/core@npm:~9.3.2":
  version: 9.3.2
  resolution: "@abp/core@npm:9.3.2"
  dependencies:
    "@abp/utils": "npm:~9.3.2"
  checksum: 10c0/666fa7ee22080bba7a8fefc6811ef17f6f28b38eaefe23e457cad96da1bfad4ed1129caa940a876770fd42ed3af77970ddbb97d1da465996ad9971f50006cbb2
  languageName: node
  linkType: hard

"@abp/datatables.net-bs5@npm:~9.3.2":
  version: 9.3.2
  resolution: "@abp/datatables.net-bs5@npm:9.3.2"
  dependencies:
    "@abp/datatables.net": "npm:~9.3.2"
    datatables.net-bs5: "npm:^2.1.8"
  checksum: 10c0/c767eeb8b73e555064296aca940a49dee2b67d37cce8b4befe3ce5c1a41dc81f92a7fda90d3246884d6a61a391d51f760214e715a40873952cc6ea604204876a
  languageName: node
  linkType: hard

"@abp/datatables.net@npm:~9.3.2":
  version: 9.3.2
  resolution: "@abp/datatables.net@npm:9.3.2"
  dependencies:
    "@abp/jquery": "npm:~9.3.2"
    datatables.net: "npm:^2.1.8"
  checksum: 10c0/8eed3fe17555d3b6c0b259f6d3a71828d1c1cdc46ef71587bc0d51990406aa0897dc410e37fe709ef3076bab742f820b71cd29efa1b1620a41e6ed2968f0cbe3
  languageName: node
  linkType: hard

"@abp/font-awesome@npm:~9.3.2":
  version: 9.3.2
  resolution: "@abp/font-awesome@npm:9.3.2"
  dependencies:
    "@abp/core": "npm:~9.3.2"
    "@fortawesome/fontawesome-free": "npm:^6.6.0"
  checksum: 10c0/5ea0dee6c3a857b6ac50a1bd2007f9a81fbd586f8814ab09144e8e50c9c2f320e8b5f98de9264ff307293aeee4700206f84883333ffd21dd994decdf324e155b
  languageName: node
  linkType: hard

"@abp/jquery-form@npm:~9.3.2":
  version: 9.3.2
  resolution: "@abp/jquery-form@npm:9.3.2"
  dependencies:
    "@abp/jquery": "npm:~9.3.2"
    jquery-form: "npm:^4.3.0"
  checksum: 10c0/294450d8495f06d727f39f4f68d47ffd0fa03babe4178e75d12684ed9760d6ba70df0fe08190b651894f453db7840a4d8635e58c7e259894445832abbf61b296
  languageName: node
  linkType: hard

"@abp/jquery-validation-unobtrusive@npm:~9.3.2":
  version: 9.3.2
  resolution: "@abp/jquery-validation-unobtrusive@npm:9.3.2"
  dependencies:
    "@abp/jquery-validation": "npm:~9.3.2"
    jquery-validation-unobtrusive: "npm:^4.0.0"
  checksum: 10c0/0087a46b36c0253cc5606c6d70044e97a8604b4d9d239e51eb39ee10489871ba5d7815394235d7a33efca106a7b318c35bcc38c694dc5757153ccf76aed49f75
  languageName: node
  linkType: hard

"@abp/jquery-validation@npm:~9.3.2":
  version: 9.3.2
  resolution: "@abp/jquery-validation@npm:9.3.2"
  dependencies:
    "@abp/jquery": "npm:~9.3.2"
    jquery-validation: "npm:^1.21.0"
  checksum: 10c0/d9616962c83362f0732b7d8eebd9ab826e05eb51aa0f2b35bc48b87ee5a896b10c61bd54cd798f4c6075ab9e5e25b3eebc97ef1432f683e45f8a99b6c251773a
  languageName: node
  linkType: hard

"@abp/jquery@npm:~9.3.2":
  version: 9.3.2
  resolution: "@abp/jquery@npm:9.3.2"
  dependencies:
    "@abp/core": "npm:~9.3.2"
    jquery: "npm:~3.7.1"
  checksum: 10c0/1e55f1cf39f9fc687486d523065314a950b6495a455ca39ef5b3013626023b990fe6651b6c30bb0a29a3fa71c8c81e6041dcaccaed2685ef4a94627e9080daee
  languageName: node
  linkType: hard

"@abp/lodash@npm:~9.3.2":
  version: 9.3.2
  resolution: "@abp/lodash@npm:9.3.2"
  dependencies:
    "@abp/core": "npm:~9.3.2"
    lodash: "npm:^4.17.21"
  checksum: 10c0/e51dac162e2befa266fa2faea6f2a3a90e435cee570f436dc77e0d472dd209407d12aeecdd9da194cb3678dc1b50ce6dc26168f7e9f7970f5dd0481e4673bf96
  languageName: node
  linkType: hard

"@abp/luxon@npm:~9.3.2":
  version: 9.3.2
  resolution: "@abp/luxon@npm:9.3.2"
  dependencies:
    "@abp/core": "npm:~9.3.2"
    luxon: "npm:^3.5.0"
  checksum: 10c0/2ac2b134c5c2e3cbbd6ecb90335ba9e6960dcac732e43575d8d1a372d9cc6015a5bb91013fd620497e4e266f6d4e7216cca4eeab2230fad3b63f0a1dfa170003
  languageName: node
  linkType: hard

"@abp/malihu-custom-scrollbar-plugin@npm:~9.3.2":
  version: 9.3.2
  resolution: "@abp/malihu-custom-scrollbar-plugin@npm:9.3.2"
  dependencies:
    "@abp/core": "npm:~9.3.2"
    malihu-custom-scrollbar-plugin: "npm:^3.1.5"
  checksum: 10c0/d32c3cb45dea23c283a64939a9c0635a87c877d394af315c4b3f295ede65a9db6feb305b309198905259b34dbbb1f08775b0dfd00bb7aca88648c68e3a65f981
  languageName: node
  linkType: hard

"@abp/moment@npm:~9.3.2":
  version: 9.3.2
  resolution: "@abp/moment@npm:9.3.2"
  dependencies:
    moment: "npm:^2.30.1"
  checksum: 10c0/0c59f0dabf8cfeba9a9a24b6a0d2e81ae4d2c16479ba1458964786c9164755c3a89b7aafac930a748507efc0d833144caf3675e3029ac631ae5ab816588a55b9
  languageName: node
  linkType: hard

"@abp/select2@npm:~9.3.2":
  version: 9.3.2
  resolution: "@abp/select2@npm:9.3.2"
  dependencies:
    "@abp/core": "npm:~9.3.2"
    select2: "npm:^4.0.13"
  checksum: 10c0/35c128168f330420b69e7f30d0034fb35081a623222354b1823c586df92a4c52226fa69987f5ad8ec8558d6320e58b742c19bac1f21485d4fb4c8dc1fd212a4e
  languageName: node
  linkType: hard

"@abp/sweetalert2@npm:~9.3.2":
  version: 9.3.2
  resolution: "@abp/sweetalert2@npm:9.3.2"
  dependencies:
    "@abp/core": "npm:~9.3.2"
    sweetalert2: "npm:^11.14.1"
  checksum: 10c0/8709e40d62abcd50dc79024e86226a4827bcbb0bcc6a3ecad08474cd813f94073ce0e97bb360df2d00df769eb292a4afb549e88d59d04533276cd9f636199174
  languageName: node
  linkType: hard

"@abp/timeago@npm:~9.3.2":
  version: 9.3.2
  resolution: "@abp/timeago@npm:9.3.2"
  dependencies:
    "@abp/jquery": "npm:~9.3.2"
    timeago: "npm:^1.6.7"
  checksum: 10c0/99bdd3e7f155d26a3a5b14f421b0f2a26b9195fc945dfa7a58056e741fda430f6fbdf9994e938cf384d8a91b5283b1a916942ec7138b92d67ad3f9a248cc40cd
  languageName: node
  linkType: hard

"@abp/utils@npm:~9.3.2":
  version: 9.3.2
  resolution: "@abp/utils@npm:9.3.2"
  dependencies:
    just-compare: "npm:^2.3.0"
  checksum: 10c0/aa5c136be783e9a16da7d2133bc46abcb293089b6c126800e791f039677a2992f35d9cd32ad0b2222e23fb9f4ae68e01033e23f2d723bb26368e3a5116546ebb
  languageName: node
  linkType: hard

"@fortawesome/fontawesome-free@npm:^6.6.0":
  version: 6.7.2
  resolution: "@fortawesome/fontawesome-free@npm:6.7.2"
  checksum: 10c0/e27fb8b846f0bcf40c904acc210829a640329fc7b7ec4e42a7c43cb53739ed6052d78df90810f555a5c80bc608fee5a5174db3fa6da617f582d6210009a19278
  languageName: node
  linkType: hard

"ansi-colors@npm:^4.1.3":
  version: 4.1.3
  resolution: "ansi-colors@npm:4.1.3"
  checksum: 10c0/ec87a2f59902f74e61eada7f6e6fe20094a628dab765cfdbd03c3477599368768cffccdb5d3bb19a1b6c99126783a143b1fee31aab729b31ffe5836c7e5e28b9
  languageName: node
  linkType: hard

"bootstrap-datepicker@npm:^1.10.0":
  version: 1.10.0
  resolution: "bootstrap-datepicker@npm:1.10.0"
  dependencies:
    jquery: "npm:>=3.4.0 <4.0.0"
  checksum: 10c0/75acc7596cb7f8be26100885672097e77e2c9f1e4ec1d8ca9a716d3471f4e1167670d099e72f5e278b9bd88dfba31e65627cbcf1e41b0557c5835688b4939333
  languageName: node
  linkType: hard

"bootstrap-daterangepicker@npm:^3.1.0":
  version: 3.1.0
  resolution: "bootstrap-daterangepicker@npm:3.1.0"
  dependencies:
    jquery: "npm:>=1.10"
    moment: "npm:^2.9.0"
  checksum: 10c0/ab54b5247df355d85d478c8a7e0f5cb299d0064a14722d4311d7147bc72a06c4391752f3b49a2ae0c1ff861c563d17a99042cf7b6056a2ad5986f30c8c85623e
  languageName: node
  linkType: hard

"bootstrap@npm:^5.3.3":
  version: 5.3.8
  resolution: "bootstrap@npm:5.3.8"
  peerDependencies:
    "@popperjs/core": ^2.11.8
  checksum: 10c0/0039a9df2c3e7bfa04f1abca199c299ff3b75869d578c0cb1721c6f1f203c91531788a5631ecbee01513481979314d0e4ba0d90c2011e6ce18fc2e0bc93e18d9
  languageName: node
  linkType: hard

"datatables.net-bs5@npm:^2.1.8":
  version: 2.3.3
  resolution: "datatables.net-bs5@npm:2.3.3"
  dependencies:
    datatables.net: "npm:2.3.3"
    jquery: "npm:>=1.7"
  checksum: 10c0/85d1010b6b6eb766c7397eb1557bc79ec4a2172cdb893525870899969af8918cc113557403c0884b1c2b1fd041e26fa8b84d74fa246ebd4ce3f00a44ab9639f7
  languageName: node
  linkType: hard

"datatables.net@npm:2.3.3, datatables.net@npm:^2.1.8":
  version: 2.3.3
  resolution: "datatables.net@npm:2.3.3"
  dependencies:
    jquery: "npm:>=1.7"
  checksum: 10c0/890bf5312469293df93b665137f401aba1b60838d6de7d31673e32b2512e09a10f3d805bd0e750465cdb1d4922fdd1f52bc8009fe847c4f449f2daa3c1c7fb49
  languageName: node
  linkType: hard

"jquery-form@npm:^4.3.0":
  version: 4.3.0
  resolution: "jquery-form@npm:4.3.0"
  dependencies:
    jquery: "npm:>=1.7.2"
  checksum: 10c0/69bc684a612978a47d83a8f6b54f4a288a90e4142201233d4b15449251c365dd0e2b30fa042c4209097d1d5eb8fd72cb7facf92384f8aa39650fa9eed2d10c28
  languageName: node
  linkType: hard

"jquery-mousewheel@npm:>=3.0.6":
  version: 3.1.13
  resolution: "jquery-mousewheel@npm:3.1.13"
  checksum: 10c0/acd57dfe7d2268ddddb906cfca6316fb364aeb74dc4d15379baa60c88b5fd3cc0aa7830e09cb6e702a4de9306e467519f147396e49f2f9c9f2c7118537721fab
  languageName: node
  linkType: hard

"jquery-validation-unobtrusive@npm:^4.0.0":
  version: 4.0.0
  resolution: "jquery-validation-unobtrusive@npm:4.0.0"
  dependencies:
    jquery: "npm:^3.6.0"
    jquery-validation: "npm:>=1.19"
  checksum: 10c0/17d28abec3759c1b615bfd6aaa87fea8ac2bea5c925fc1cab90da3e9c76d9feb29740877936ef41ed073eecc4f3a1a6b415f29cd00605fa02deb77427395646e
  languageName: node
  linkType: hard

"jquery-validation@npm:>=1.19, jquery-validation@npm:^1.21.0":
  version: 1.21.0
  resolution: "jquery-validation@npm:1.21.0"
  peerDependencies:
    jquery: ^1.7 || ^2.0 || ^3.1
  checksum: 10c0/b5e51fc037f79779f38bbc74dab9d1568d9f7821128aff6dcfeb12b39f0dea79f763516dc3e05b45fc9a2e9282037b08eccad0eef29fc3a23a0211454ab0f0e5
  languageName: node
  linkType: hard

"jquery@npm:>=1.10, jquery@npm:>=1.5.0 <4.0, jquery@npm:>=1.7, jquery@npm:>=1.7.2, jquery@npm:>=3.4.0 <4.0.0, jquery@npm:^3.6.0, jquery@npm:~3.7.1":
  version: 3.7.1
  resolution: "jquery@npm:3.7.1"
  checksum: 10c0/808cfbfb758438560224bf26e17fcd5afc7419170230c810dd11f5c1792e2263e2970cca8d659eb84fcd9acc301edb6d310096e450277d54be4f57071b0c82d9
  languageName: node
  linkType: hard

"just-compare@npm:^2.3.0":
  version: 2.3.0
  resolution: "just-compare@npm:2.3.0"
  checksum: 10c0/f99853b608c06bc36f3727220b159626a16c4ac890216725db83dd06d99d6cd1d5e8c3a2ab02072a39350f44d07745c14918be0db4aff74b744ed787712adeec
  languageName: node
  linkType: hard

"lodash@npm:^4.17.21":
  version: 4.17.21
  resolution: "lodash@npm:4.17.21"
  checksum: 10c0/d8cbea072bb08655bb4c989da418994b073a608dffa608b09ac04b43a791b12aeae7cd7ad919aa4c925f33b48490b5cfe6c1f71d827956071dae2e7bb3a6b74c
  languageName: node
  linkType: hard

"luxon@npm:^3.5.0":
  version: 3.7.2
  resolution: "luxon@npm:3.7.2"
  checksum: 10c0/ed8f0f637826c08c343a29dd478b00628be93bba6f068417b1d8896b61cb61c6deacbe1df1e057dbd9298334044afa150f9aaabbeb3181418ac8520acfdc2ae2
  languageName: node
  linkType: hard

"malihu-custom-scrollbar-plugin@npm:^3.1.5":
  version: 3.1.5
  resolution: "malihu-custom-scrollbar-plugin@npm:3.1.5"
  dependencies:
    jquery-mousewheel: "npm:>=3.0.6"
  checksum: 10c0/f0eeb2cf7c53dfe3c02c11e9dc7ca0221101050beaca6b779c07bde2381bd599f0084158a2188c91dc8a2dd7eb9450db5af5063dbb31d65a0deefa29a1c9df99
  languageName: node
  linkType: hard

"moment@npm:^2.30.1, moment@npm:^2.9.0":
  version: 2.30.1
  resolution: "moment@npm:2.30.1"
  checksum: 10c0/865e4279418c6de666fca7786607705fd0189d8a7b7624e2e56be99290ac846f90878a6f602e34b4e0455c549b85385b1baf9966845962b313699e7cb847543a
  languageName: node
  linkType: hard

"my-app@workspace:.":
  version: 0.0.0-use.local
  resolution: "my-app@workspace:."
  dependencies:
    "@abp/aspnetcore.mvc.ui.theme.leptonxlite": "npm:~4.3.2"
  languageName: unknown
  linkType: soft

"select2@npm:^4.0.13":
  version: 4.0.13
  resolution: "select2@npm:4.0.13"
  checksum: 10c0/a393866565a5f878ca21276ed32793595851debb35ff48a8c368640e732619349f547d335b438b45ff5647145eb6c5af868cd5153740de58306a2dca2498550f
  languageName: node
  linkType: hard

"sweetalert2@npm:^11.14.1":
  version: 11.23.0
  resolution: "sweetalert2@npm:11.23.0"
  checksum: 10c0/1ad95b7ce0d355e8d021998c6576bbe3f6f9796fa886a8b33b6be28349061ba0942bb567b49bce926d8161db43fb2c94a908b3fb2f12883f7b50eea73f420b32
  languageName: node
  linkType: hard

"timeago@npm:^1.6.7":
  version: 1.6.7
  resolution: "timeago@npm:1.6.7"
  dependencies:
    jquery: "npm:>=1.5.0 <4.0"
  checksum: 10c0/e5337d3d071590d4c75a101d50b2651153f5a25212e4c37476533f8cd4bc014fb335934b4290deef06842bf3df14181e83a81e099038efc535d59d191abac2c6
  languageName: node
  linkType: hard
