# This file is generated by running "yarn install" inside your project.
# Manual changes might be lost - proceed with caution!

__metadata:
  version: 8
  cacheKey: 10c0

"@abp/aspnetcore.mvc.ui.theme.leptonxlite@npm:~4.3.2":
  version: 4.3.4
  resolution: "@abp/aspnetcore.mvc.ui.theme.leptonxlite@npm:4.3.4"
  dependencies:
    "@abp/aspnetcore.mvc.ui.theme.shared": "npm:~9.3.4"
  checksum: 10c0/4faf6e0158f370428b0db563c94d8ed0a7278dfe1d924196acb6fb811980a6c3db64cc0c9481f0eb612d1596402e8bb5d9be6f0916f4db626c6033bd4a88e05b
  languageName: node
  linkType: hard

"@abp/aspnetcore.mvc.ui.theme.shared@npm:~9.3.4":
  version: 9.3.4
  resolution: "@abp/aspnetcore.mvc.ui.theme.shared@npm:9.3.4"
  dependencies:
    "@abp/aspnetcore.mvc.ui": "npm:~9.3.4"
    "@abp/bootstrap": "npm:~9.3.4"
    "@abp/bootstrap-datepicker": "npm:~9.3.4"
    "@abp/bootstrap-daterangepicker": "npm:~9.3.4"
    "@abp/datatables.net-bs5": "npm:~9.3.4"
    "@abp/font-awesome": "npm:~9.3.4"
    "@abp/jquery-form": "npm:~9.3.4"
    "@abp/jquery-validation-unobtrusive": "npm:~9.3.4"
    "@abp/lodash": "npm:~9.3.4"
    "@abp/luxon": "npm:~9.3.4"
    "@abp/malihu-custom-scrollbar-plugin": "npm:~9.3.4"
    "@abp/moment": "npm:~9.3.4"
    "@abp/select2": "npm:~9.3.4"
    "@abp/sweetalert2": "npm:~9.3.4"
    "@abp/timeago": "npm:~9.3.4"
  checksum: 10c0/3791b5edd8b954551e01c8c3d05e23ccb74df049acb2918bb00191dd8b998f36d7d95315964e99c7ee62a32e8db0c5cba9b6df43ca3033a40a63469da526a1c4
  languageName: node
  linkType: hard

"@abp/aspnetcore.mvc.ui@npm:~9.3.4":
  version: 9.3.4
  resolution: "@abp/aspnetcore.mvc.ui@npm:9.3.4"
  dependencies:
    ansi-colors: "npm:^4.1.3"
  checksum: 10c0/246b5ae4932b5d78b97284388e7847a23cb2a65189e6383b773a6e6660efa5fa5f819663e4f3f96528d0845d25a85da0e52515961de6542e70dc2b0d304ae514
  languageName: node
  linkType: hard

"@abp/bootstrap-datepicker@npm:~9.3.4":
  version: 9.3.4
  resolution: "@abp/bootstrap-datepicker@npm:9.3.4"
  dependencies:
    bootstrap-datepicker: "npm:^1.10.0"
  checksum: 10c0/787f640508c1fbd8acb8f9a7d314581272650106f972b06dc548c0c7922b5e1144fa03a789f3634a97107d6ae367d1ca63af08c19cc38b041a9dd986b08d5cd0
  languageName: node
  linkType: hard

"@abp/bootstrap-daterangepicker@npm:~9.3.4":
  version: 9.3.4
  resolution: "@abp/bootstrap-daterangepicker@npm:9.3.4"
  dependencies:
    bootstrap-daterangepicker: "npm:^3.1.0"
  checksum: 10c0/3f3f119366c08d31f18c982e4815f709df1ddea746b8b093702814705cd1b6c3e4105008fd496fb24c098254716249061deb35b4ded1583d667e10c48877d1cc
  languageName: node
  linkType: hard

"@abp/bootstrap@npm:~9.3.4":
  version: 9.3.4
  resolution: "@abp/bootstrap@npm:9.3.4"
  dependencies:
    "@abp/core": "npm:~9.3.4"
    bootstrap: "npm:^5.3.3"
  checksum: 10c0/8f3367d5e38c0f4ac396cb678c1da11f2b256fc6ce8c88252c0f5d13e0452aa7c0910d3942a0a99416949217eca0d3eec69aa91a5c86e771d7840268ae871db3
  languageName: node
  linkType: hard

"@abp/core@npm:~9.3.4":
  version: 9.3.4
  resolution: "@abp/core@npm:9.3.4"
  dependencies:
    "@abp/utils": "npm:~9.3.4"
  checksum: 10c0/1aa33a32ed275c511a7ecf97749f957a723b8cc8a34c2ede4cbc2551555f677b19110e6f824ab2406a2dbcaf3a65e9b2868fb6d008ad6e43400a20536aea3a76
  languageName: node
  linkType: hard

"@abp/datatables.net-bs5@npm:~9.3.4":
  version: 9.3.4
  resolution: "@abp/datatables.net-bs5@npm:9.3.4"
  dependencies:
    "@abp/datatables.net": "npm:~9.3.4"
    datatables.net-bs5: "npm:^2.1.8"
  checksum: 10c0/51805fd517d27ff1d1c61c0720b5148c910cbcbd297f1fabeda908fca009c8f304d3297d4eedaad8d55d8101c96c8e8a85945ff725e675bddd846d637c75be97
  languageName: node
  linkType: hard

"@abp/datatables.net@npm:~9.3.4":
  version: 9.3.4
  resolution: "@abp/datatables.net@npm:9.3.4"
  dependencies:
    "@abp/jquery": "npm:~9.3.4"
    datatables.net: "npm:^2.1.8"
  checksum: 10c0/5716146b94c0280711253ba574054300f3941a9e673f6c166674645326e215a635474d2a16303af0c2b05945fd9600d19ef2310b7c1d24c223443dac7e59a270
  languageName: node
  linkType: hard

"@abp/font-awesome@npm:~9.3.4":
  version: 9.3.4
  resolution: "@abp/font-awesome@npm:9.3.4"
  dependencies:
    "@abp/core": "npm:~9.3.4"
    "@fortawesome/fontawesome-free": "npm:^6.6.0"
  checksum: 10c0/51411fb97b7800cc40051b550d8a4aaaec7224f76b30a77df01b7c788738f22b6b3b99259395074c053e21b73abb07615fe1152d473e1ac497b16b10c7a5157a
  languageName: node
  linkType: hard

"@abp/jquery-form@npm:~9.3.4":
  version: 9.3.4
  resolution: "@abp/jquery-form@npm:9.3.4"
  dependencies:
    "@abp/jquery": "npm:~9.3.4"
    jquery-form: "npm:^4.3.0"
  checksum: 10c0/29fce6ca81a2bf4bbc7ab5b2a03e62cd95d2463cde71cbbca11793e25e01a8c1e1a463fd7cb0303adcf0e5375acce74877ae14a44c866504de2e9eefab819c9f
  languageName: node
  linkType: hard

"@abp/jquery-validation-unobtrusive@npm:~9.3.4":
  version: 9.3.4
  resolution: "@abp/jquery-validation-unobtrusive@npm:9.3.4"
  dependencies:
    "@abp/jquery-validation": "npm:~9.3.4"
    jquery-validation-unobtrusive: "npm:^4.0.0"
  checksum: 10c0/258d68b1576c65ba3fd58c02662eac3b558460813effa0b08f327426674548740350c654f835e13d3b33f9447a8b3d2cc8611f3c0f6c8bdc91c369ceba30b52b
  languageName: node
  linkType: hard

"@abp/jquery-validation@npm:~9.3.4":
  version: 9.3.4
  resolution: "@abp/jquery-validation@npm:9.3.4"
  dependencies:
    "@abp/jquery": "npm:~9.3.4"
    jquery-validation: "npm:^1.21.0"
  checksum: 10c0/a3f1e3f972f2426903f045d9c5afddf1cd670296a6574fd595e8d1ffa75d75dcaa5e94ef1748e2638ff01e615e1b7a84809c449e2f828e8f9dbefbe72da10b82
  languageName: node
  linkType: hard

"@abp/jquery@npm:~9.3.4":
  version: 9.3.4
  resolution: "@abp/jquery@npm:9.3.4"
  dependencies:
    "@abp/core": "npm:~9.3.4"
    jquery: "npm:~3.7.1"
  checksum: 10c0/929c9bd53fbbbd399827f8a92668797f4ae05ca3515287a5933ce07e431631d2629d01ca23b0fd6bcce421868d06e73c9080d40add2eecc0ff0b6871e4926a81
  languageName: node
  linkType: hard

"@abp/lodash@npm:~9.3.4":
  version: 9.3.4
  resolution: "@abp/lodash@npm:9.3.4"
  dependencies:
    "@abp/core": "npm:~9.3.4"
    lodash: "npm:^4.17.21"
  checksum: 10c0/49b9219ea569b13e312c07f2886d6c0d6e1738e3e765bd14160de6024511c63c17eded103ea0e61b54e64ca7f576055c6acd82fbcd5defd1c727e7212eea2f81
  languageName: node
  linkType: hard

"@abp/luxon@npm:~9.3.4":
  version: 9.3.4
  resolution: "@abp/luxon@npm:9.3.4"
  dependencies:
    "@abp/core": "npm:~9.3.4"
    luxon: "npm:^3.5.0"
  checksum: 10c0/89ba143cbe2c810e2e49cea94f32c63f85c9ec37424646937948c92e6e041278dc4b6fbbab44ab657ef83853f1b0d89484d0a0b038d6c08548c0e8a3c7d0bbf3
  languageName: node
  linkType: hard

"@abp/malihu-custom-scrollbar-plugin@npm:~9.3.4":
  version: 9.3.4
  resolution: "@abp/malihu-custom-scrollbar-plugin@npm:9.3.4"
  dependencies:
    "@abp/core": "npm:~9.3.4"
    malihu-custom-scrollbar-plugin: "npm:^3.1.5"
  checksum: 10c0/408c0bc6b88829b76a4dc107fa5536d2535c0c8c731d1ef2d8f154781926b5990114e6399dee288db38d9ee0782186a0dc5421528f4c388ff75779aaf5bd2daa
  languageName: node
  linkType: hard

"@abp/moment@npm:~9.3.4":
  version: 9.3.4
  resolution: "@abp/moment@npm:9.3.4"
  dependencies:
    moment: "npm:^2.30.1"
  checksum: 10c0/e306506966c8a39251219467f88cb1bcc9865d020d03a9ee4d8e4d9ec239f3b95f431dbdaaa3efd4d8c4843959d90c3a21dc0db83c2f77653498f4829beadcdb
  languageName: node
  linkType: hard

"@abp/select2@npm:~9.3.4":
  version: 9.3.4
  resolution: "@abp/select2@npm:9.3.4"
  dependencies:
    "@abp/core": "npm:~9.3.4"
    select2: "npm:^4.0.13"
  checksum: 10c0/8779d5448d1143d7cacab14213bb88617a704b2bd6ad06cdd4488d48eeef968195f72a535e25a2c8fa69c4293356bb3ba1a611f82468a35fe274d8d578689c58
  languageName: node
  linkType: hard

"@abp/sweetalert2@npm:~9.3.4":
  version: 9.3.4
  resolution: "@abp/sweetalert2@npm:9.3.4"
  dependencies:
    "@abp/core": "npm:~9.3.4"
    sweetalert2: "npm:^11.14.1"
  checksum: 10c0/40e5487013137646629be9d36e09fb540abf5cd4e2b68b17b956f075deefdcffa4491e5c55e8704f2c3baa72534fbb60f019f54b7ff43a400d0e73ca01baef48
  languageName: node
  linkType: hard

"@abp/timeago@npm:~9.3.4":
  version: 9.3.4
  resolution: "@abp/timeago@npm:9.3.4"
  dependencies:
    "@abp/jquery": "npm:~9.3.4"
    timeago: "npm:^1.6.7"
  checksum: 10c0/92887d64e24fb634f27320f2128dcd9ed2ae67cf770d4e9bb344bd252057545f4fe7f268ad5d29f0a990341ff74bf261273df8ec1a0ecef2b928365d595b5614
  languageName: node
  linkType: hard

"@abp/utils@npm:~9.3.4":
  version: 9.3.4
  resolution: "@abp/utils@npm:9.3.4"
  dependencies:
    just-compare: "npm:^2.3.0"
  checksum: 10c0/2f1165eb54a8c592862bd6f8ac6c188266e2b52aae3f4a101851f5ab05b4a1a40a99bb1c791be0382fdeff88891f6a3a54b0df89225694a7df82a1f1054cf86b
  languageName: node
  linkType: hard

"@fortawesome/fontawesome-free@npm:^6.6.0":
  version: 6.7.2
  resolution: "@fortawesome/fontawesome-free@npm:6.7.2"
  checksum: 10c0/e27fb8b846f0bcf40c904acc210829a640329fc7b7ec4e42a7c43cb53739ed6052d78df90810f555a5c80bc608fee5a5174db3fa6da617f582d6210009a19278
  languageName: node
  linkType: hard

"ansi-colors@npm:^4.1.3":
  version: 4.1.3
  resolution: "ansi-colors@npm:4.1.3"
  checksum: 10c0/ec87a2f59902f74e61eada7f6e6fe20094a628dab765cfdbd03c3477599368768cffccdb5d3bb19a1b6c99126783a143b1fee31aab729b31ffe5836c7e5e28b9
  languageName: node
  linkType: hard

"bootstrap-datepicker@npm:^1.10.0":
  version: 1.10.1
  resolution: "bootstrap-datepicker@npm:1.10.1"
  dependencies:
    jquery: "npm:>=3.4.0 <4.0.0"
  checksum: 10c0/bad08e373b70040f4a62003b46dde2e5bd4a7b73aeffb1d504c0a1736b6beaccf56b908d565980491c7f4329377af8c4cfb7bff9c38480ea689210c7c308dc7d
  languageName: node
  linkType: hard

"bootstrap-daterangepicker@npm:^3.1.0":
  version: 3.1.0
  resolution: "bootstrap-daterangepicker@npm:3.1.0"
  dependencies:
    jquery: "npm:>=1.10"
    moment: "npm:^2.9.0"
  checksum: 10c0/ab54b5247df355d85d478c8a7e0f5cb299d0064a14722d4311d7147bc72a06c4391752f3b49a2ae0c1ff861c563d17a99042cf7b6056a2ad5986f30c8c85623e
  languageName: node
  linkType: hard

"bootstrap@npm:^5.3.3":
  version: 5.3.8
  resolution: "bootstrap@npm:5.3.8"
  peerDependencies:
    "@popperjs/core": ^2.11.8
  checksum: 10c0/0039a9df2c3e7bfa04f1abca199c299ff3b75869d578c0cb1721c6f1f203c91531788a5631ecbee01513481979314d0e4ba0d90c2011e6ce18fc2e0bc93e18d9
  languageName: node
  linkType: hard

"datatables.net-bs5@npm:^2.1.8":
  version: 2.3.4
  resolution: "datatables.net-bs5@npm:2.3.4"
  dependencies:
    datatables.net: "npm:2.3.4"
    jquery: "npm:>=1.7"
  checksum: 10c0/27dab5a78fd98aed45fadd40f2b5da551663a8292cdc90384135dfdf99cb1397758b54b0d1934389fb04768fa00ca66be4cc1aca079c3bb13f6265b3c91716fa
  languageName: node
  linkType: hard

"datatables.net@npm:2.3.4, datatables.net@npm:^2.1.8":
  version: 2.3.4
  resolution: "datatables.net@npm:2.3.4"
  dependencies:
    jquery: "npm:>=1.7"
  checksum: 10c0/8683653cf1aacb50cc637c799f73bc91e477ccbf49ec99859e991034ba43c8e01b9c5a245fadcb0d10cbba9dca69989a5a36e886212fb4c62d53cd6e38081287
  languageName: node
  linkType: hard

"jquery-form@npm:^4.3.0":
  version: 4.3.0
  resolution: "jquery-form@npm:4.3.0"
  dependencies:
    jquery: "npm:>=1.7.2"
  checksum: 10c0/69bc684a612978a47d83a8f6b54f4a288a90e4142201233d4b15449251c365dd0e2b30fa042c4209097d1d5eb8fd72cb7facf92384f8aa39650fa9eed2d10c28
  languageName: node
  linkType: hard

"jquery-mousewheel@npm:>=3.0.6":
  version: 3.2.2
  resolution: "jquery-mousewheel@npm:3.2.2"
  dependencies:
    jquery: "npm:>=1.2.6"
  checksum: 10c0/a8b45ae7759ce14134284cb6a2f2446f16d43325550c2e25653de572ca3e197b471b8322afb11ec114ab3b0f26b7072a7b47de7ed6617e9417328a94eac30740
  languageName: node
  linkType: hard

"jquery-validation-unobtrusive@npm:^4.0.0":
  version: 4.0.0
  resolution: "jquery-validation-unobtrusive@npm:4.0.0"
  dependencies:
    jquery: "npm:^3.6.0"
    jquery-validation: "npm:>=1.19"
  checksum: 10c0/17d28abec3759c1b615bfd6aaa87fea8ac2bea5c925fc1cab90da3e9c76d9feb29740877936ef41ed073eecc4f3a1a6b415f29cd00605fa02deb77427395646e
  languageName: node
  linkType: hard

"jquery-validation@npm:>=1.19, jquery-validation@npm:^1.21.0":
  version: 1.21.0
  resolution: "jquery-validation@npm:1.21.0"
  peerDependencies:
    jquery: ^1.7 || ^2.0 || ^3.1
  checksum: 10c0/b5e51fc037f79779f38bbc74dab9d1568d9f7821128aff6dcfeb12b39f0dea79f763516dc3e05b45fc9a2e9282037b08eccad0eef29fc3a23a0211454ab0f0e5
  languageName: node
  linkType: hard

"jquery@npm:>=1.10, jquery@npm:>=1.2.6, jquery@npm:>=1.5.0 <4.0, jquery@npm:>=1.7, jquery@npm:>=1.7.2, jquery@npm:>=3.4.0 <4.0.0, jquery@npm:^3.6.0, jquery@npm:~3.7.1":
  version: 3.7.1
  resolution: "jquery@npm:3.7.1"
  checksum: 10c0/808cfbfb758438560224bf26e17fcd5afc7419170230c810dd11f5c1792e2263e2970cca8d659eb84fcd9acc301edb6d310096e450277d54be4f57071b0c82d9
  languageName: node
  linkType: hard

"just-compare@npm:^2.3.0":
  version: 2.3.0
  resolution: "just-compare@npm:2.3.0"
  checksum: 10c0/f99853b608c06bc36f3727220b159626a16c4ac890216725db83dd06d99d6cd1d5e8c3a2ab02072a39350f44d07745c14918be0db4aff74b744ed787712adeec
  languageName: node
  linkType: hard

"lodash@npm:^4.17.21":
  version: 4.17.21
  resolution: "lodash@npm:4.17.21"
  checksum: 10c0/d8cbea072bb08655bb4c989da418994b073a608dffa608b09ac04b43a791b12aeae7cd7ad919aa4c925f33b48490b5cfe6c1f71d827956071dae2e7bb3a6b74c
  languageName: node
  linkType: hard

"luxon@npm:^3.5.0":
  version: 3.7.2
  resolution: "luxon@npm:3.7.2"
  checksum: 10c0/ed8f0f637826c08c343a29dd478b00628be93bba6f068417b1d8896b61cb61c6deacbe1df1e057dbd9298334044afa150f9aaabbeb3181418ac8520acfdc2ae2
  languageName: node
  linkType: hard

"malihu-custom-scrollbar-plugin@npm:^3.1.5":
  version: 3.1.5
  resolution: "malihu-custom-scrollbar-plugin@npm:3.1.5"
  dependencies:
    jquery-mousewheel: "npm:>=3.0.6"
  checksum: 10c0/f0eeb2cf7c53dfe3c02c11e9dc7ca0221101050beaca6b779c07bde2381bd599f0084158a2188c91dc8a2dd7eb9450db5af5063dbb31d65a0deefa29a1c9df99
  languageName: node
  linkType: hard

"moment@npm:^2.30.1, moment@npm:^2.9.0":
  version: 2.30.1
  resolution: "moment@npm:2.30.1"
  checksum: 10c0/865e4279418c6de666fca7786607705fd0189d8a7b7624e2e56be99290ac846f90878a6f602e34b4e0455c549b85385b1baf9966845962b313699e7cb847543a
  languageName: node
  linkType: hard

"my-app@workspace:.":
  version: 0.0.0-use.local
  resolution: "my-app@workspace:."
  dependencies:
    "@abp/aspnetcore.mvc.ui.theme.leptonxlite": "npm:~4.3.2"
  languageName: unknown
  linkType: soft

"select2@npm:^4.0.13":
  version: 4.0.13
  resolution: "select2@npm:4.0.13"
  checksum: 10c0/a393866565a5f878ca21276ed32793595851debb35ff48a8c368640e732619349f547d335b438b45ff5647145eb6c5af868cd5153740de58306a2dca2498550f
  languageName: node
  linkType: hard

"sweetalert2@npm:^11.14.1":
  version: 11.23.0
  resolution: "sweetalert2@npm:11.23.0"
  checksum: 10c0/1ad95b7ce0d355e8d021998c6576bbe3f6f9796fa886a8b33b6be28349061ba0942bb567b49bce926d8161db43fb2c94a908b3fb2f12883f7b50eea73f420b32
  languageName: node
  linkType: hard

"timeago@npm:^1.6.7":
  version: 1.6.7
  resolution: "timeago@npm:1.6.7"
  dependencies:
    jquery: "npm:>=1.5.0 <4.0"
  checksum: 10c0/e5337d3d071590d4c75a101d50b2651153f5a25212e4c37476533f8cd4bc014fb335934b4290deef06842bf3df14181e83a81e099038efc535d59d191abac2c6
  languageName: node
  linkType: hard
